
Microsoft Visual Studio Solution File, Format Version 12.00
# Visual Studio Version 16
VisualStudioVersion = 16.0.29905.134
MinimumVisualStudioVersion = 10.0.40219.1
Project("{9A19103F-16F7-4668-BE54-9A1E7A4F7556}") = "CvPortfolio", "CvPortfolio\CvPortfolio.csproj", "{A481AFF4-0F8A-4768-BB0A-C71941A2DF9A}"
EndProject
Project("{9A19103F-16F7-4668-BE54-9A1E7A4F7556}") = "Repository", "Repository\Repository.csproj", "{2C0EDEDB-7E24-437D-A173-9F2D996BE89B}"
EndProject
Project("{FAE04EC0-301F-11D3-BF4B-00C04F79EFBC}") = "Admin", "Admin\Admin.csproj", "{4A88D420-736E-464F-AA1A-B16773C347F0}"
EndProject
Global
	GlobalSection(SolutionConfigurationPlatforms) = preSolution
		Debug|Any CPU = Debug|Any CPU
		Release|Any CPU = Release|Any CPU
	EndGlobalSection
	GlobalSection(ProjectConfigurationPlatforms) = postSolution
		{A481AFF4-0F8A-4768-BB0A-C71941A2DF9A}.Debug|Any CPU.ActiveCfg = Debug|Any CPU
		{A481AFF4-0F8A-4768-BB0A-C71941A2DF9A}.Debug|Any CPU.Build.0 = Debug|Any CPU
		{A481AFF4-0F8A-4768-BB0A-C71941A2DF9A}.Release|Any CPU.ActiveCfg = Release|Any CPU
		{A481AFF4-0F8A-4768-BB0A-C71941A2DF9A}.Release|Any CPU.Build.0 = Release|Any CPU
		{2C0EDEDB-7E24-437D-A173-9F2D996BE89B}.Debug|Any CPU.ActiveCfg = Debug|Any CPU
		{2C0EDEDB-7E24-437D-A173-9F2D996BE89B}.Debug|Any CPU.Build.0 = Debug|Any CPU
		{2C0EDEDB-7E24-437D-A173-9F2D996BE89B}.Release|Any CPU.ActiveCfg = Release|Any CPU
		{2C0EDEDB-7E24-437D-A173-9F2D996BE89B}.Release|Any CPU.Build.0 = Release|Any CPU
		{4A88D420-736E-464F-AA1A-B16773C347F0}.Debug|Any CPU.ActiveCfg = Debug|Any CPU
		{4A88D420-736E-464F-AA1A-B16773C347F0}.Debug|Any CPU.Build.0 = Debug|Any CPU
		{4A88D420-736E-464F-AA1A-B16773C347F0}.Release|Any CPU.ActiveCfg = Release|Any CPU
		{4A88D420-736E-464F-AA1A-B16773C347F0}.Release|Any CPU.Build.0 = Release|Any CPU
	EndGlobalSection
	GlobalSection(SolutionProperties) = preSolution
		HideSolutionNode = FALSE
	EndGlobalSection
	GlobalSection(ExtensibilityGlobals) = postSolution
		SolutionGuid = {4DE3E420-3D0C-464F-BEB1-2B13ADE5CCE8}
	EndGlobalSection
EndGlobal
